
Microsoft Visual Studio Solution File, Format Version 12.00
# Visual Studio Version 17
VisualStudioVersion = 17.0.32112.339
MinimumVisualStudioVersion = 10.0.40219.1
Project("{FAE04EC0-301F-11D3-BF4B-00C04F79EFBC}") = "homeWork02", "homeWork02.csproj", "{7C548142-DD71-44A8-9FCF-88D37C59660B}"
EndProject
Global
	GlobalSection(SolutionConfigurationPlatforms) = preSolution
		Debug|Any CPU = Debug|Any CPU
		Release|Any CPU = Release|Any CPU
	EndGlobalSection
	GlobalSection(ProjectConfigurationPlatforms) = postSolution
		{7C548142-DD71-44A8-9FCF-88D37C59660B}.Debug|Any CPU.ActiveCfg = Debug|Any CPU
		{7C548142-DD71-44A8-9FCF-88D37C59660B}.Debug|Any CPU.Build.0 = Debug|Any CPU
		{7C548142-DD71-44A8-9FCF-88D37C59660B}.Release|Any CPU.ActiveCfg = Release|Any CPU
		{7C548142-DD71-44A8-9FCF-88D37C59660B}.Release|Any CPU.Build.0 = Release|Any CPU
	EndGlobalSection
	GlobalSection(SolutionProperties) = preSolution
		HideSolutionNode = FALSE
	EndGlobalSection
	GlobalSection(ExtensibilityGlobals) = postSolution
		SolutionGuid = {8A8C23F7-B613-45AC-8A2B-BF38962DCE2C}
	EndGlobalSection
EndGlobal
